
Microsoft Visual Studio Solution File, Format Version 12.00
# Visual Studio Version 16
VisualStudioVersion = 16.0.30011.22
MinimumVisualStudioVersion = 10.0.40219.1
Project("{888888A0-9F3D-457C-B088-3A5042F75D52}") = "cstest", "cstest.pyproj", "{E074F2F8-9D7A-423C-9481-1D225E2B06AD}"
EndProject
Global
	GlobalSection(SolutionConfigurationPlatforms) = preSolution
		Debug|Any CPU = Debug|Any CPU
		Release|Any CPU = Release|Any CPU
	EndGlobalSection
	GlobalSection(ProjectConfigurationPlatforms) = postSolution
		{E074F2F8-9D7A-423C-9481-1D225E2B06AD}.Debug|Any CPU.ActiveCfg = Debug|Any CPU
		{E074F2F8-9D7A-423C-9481-1D225E2B06AD}.Release|Any CPU.ActiveCfg = Release|Any CPU
	EndGlobalSection
	GlobalSection(SolutionProperties) = preSolution
		HideSolutionNode = FALSE
	EndGlobalSection
	GlobalSection(ExtensibilityGlobals) = postSolution
		SolutionGuid = {5B2FEBC4-5621-4719-B96B-CF8E3E96711E}
	EndGlobalSection
EndGlobal
